
Microsoft Visual Studio Solution File, Format Version 12.00
# Visual Studio Version 16
VisualStudioVersion = 16.0.31205.134
MinimumVisualStudioVersion = 10.0.40219.1
Project("{FAE04EC0-301F-11D3-BF4B-00C04F79EFBC}") = "ScanDirectoryDemo", "ScanDirectoryDemo.csproj", "{CF4CFB8B-3912-472A-9F57-674840717282}"
EndProject
Global
	GlobalSection(SolutionConfigurationPlatforms) = preSolution
		Debug|Any CPU = Debug|Any CPU
		Release|Any CPU = Release|Any CPU
	EndGlobalSection
	GlobalSection(ProjectConfigurationPlatforms) = postSolution
		{CF4CFB8B-3912-472A-9F57-674840717282}.Debug|Any CPU.ActiveCfg = Debug|Any CPU
		{CF4CFB8B-3912-472A-9F57-674840717282}.Debug|Any CPU.Build.0 = Debug|Any CPU
		{CF4CFB8B-3912-472A-9F57-674840717282}.Release|Any CPU.ActiveCfg = Release|Any CPU
		{CF4CFB8B-3912-472A-9F57-674840717282}.Release|Any CPU.Build.0 = Release|Any CPU
	EndGlobalSection
	GlobalSection(SolutionProperties) = preSolution
		HideSolutionNode = FALSE
	EndGlobalSection
	GlobalSection(ExtensibilityGlobals) = postSolution
		SolutionGuid = {5A66A13F-3D90-4855-BFC8-7F5B5EC342AA}
	EndGlobalSection
EndGlobal
